// !$*UTF8*$!
{
	archiveVersion = 1;
	classes = {
	};
	objectVersion = 50;
	objects = {

/* Begin PBXBuildFile section */
		B6547CF245131378430178A8 /* Pods_weather_track.framework in Frameworks */ = {isa = PBXBuildFile; fileRef = 8F90FF04663A55DE1340C959 /* Pods_weather_track.framework */; };
		F7D91AA720DC7496006FBE97 /* AppDelegate.swift in Sources */ = {isa = PBXBuildFile; fileRef = F7D91AA620DC7496006FBE97 /* AppDelegate.swift */; };
		F7D91AAC20DC7496006FBE97 /* Main.storyboard in Resources */ = {isa = PBXBuildFile; fileRef = F7D91AAA20DC7496006FBE97 /* Main.storyboard */; };
		F7D91AAE20DC7497006FBE97 /* Assets.xcassets in Resources */ = {isa = PBXBuildFile; fileRef = F7D91AAD20DC7497006FBE97 /* Assets.xcassets */; };
		F7D91AB120DC7497006FBE97 /* LaunchScreen.storyboard in Resources */ = {isa = PBXBuildFile; fileRef = F7D91AAF20DC7497006FBE97 /* LaunchScreen.storyboard */; };
		F7FBF95D20DC79510019FA09 /* HomeViewController.swift in Sources */ = {isa = PBXBuildFile; fileRef = F7FBF95C20DC79510019FA09 /* HomeViewController.swift */; };
/* End PBXBuildFile section */

/* Begin PBXFileReference section */
		820EB56AD034B9706A1641B2 /* Pods-weather-track.release.xcconfig */ = {isa = PBXFileReference; includeInIndex = 1; lastKnownFileType = text.xcconfig; name = "Pods-weather-track.release.xcconfig"; path = "Pods/Target Support Files/Pods-weather-track/Pods-weather-track.release.xcconfig"; sourceTree = "<group>"; };
		8F90FF04663A55DE1340C959 /* Pods_weather_track.framework */ = {isa = PBXFileReference; explicitFileType = wrapper.framework; includeInIndex = 0; path = Pods_weather_track.framework; sourceTree = BUILT_PRODUCTS_DIR; };
		C0DA2D0A52FDF48107B3E155 /* Pods-weather-track.debug.xcconfig */ = {isa = PBXFileReference; includeInIndex = 1; lastKnownFileType = text.xcconfig; name = "Pods-weather-track.debug.xcconfig"; path = "Pods/Target Support Files/Pods-weather-track/Pods-weather-track.debug.xcconfig"; sourceTree = "<group>"; };
		F7D91AA320DC7496006FBE97 /* weather-track.app */ = {isa = PBXFileReference; explicitFileType = wrapper.application; includeInIndex = 0; path = "weather-track.app"; sourceTree = BUILT_PRODUCTS_DIR; };
		F7D91AA620DC7496006FBE97 /* AppDelegate.swift */ = {isa = PBXFileReference; lastKnownFileType = sourcecode.swift; path = AppDelegate.swift; sourceTree = "<group>"; };
		F7D91AAB20DC7496006FBE97 /* Base */ = {isa = PBXFileReference; lastKnownFileType = file.storyboard; name = Base; path = Base.lproj/Main.storyboard; sourceTree = "<group>"; };
		F7D91AAD20DC7497006FBE97 /* Assets.xcassets */ = {isa = PBXFileReference; lastKnownFileType = folder.assetcatalog; path = Assets.xcassets; sourceTree = "<group>"; };
		F7D91AB020DC7497006FBE97 /* Base */ = {isa = PBXFileReference; lastKnownFileType = file.storyboard; name = Base; path = Base.lproj/LaunchScreen.storyboard; sourceTree = "<group>"; };
		F7D91AB220DC7497006FBE97 /* Info.plist */ = {isa = PBXFileReference; lastKnownFileType = text.plist.xml; path = Info.plist; sourceTree = "<group>"; };
		F7FBF95C20DC79510019FA09 /* HomeViewController.swift */ = {isa = PBXFileReference; lastKnownFileType = sourcecode.swift; path = HomeViewController.swift; sourceTree = "<group>"; };
/* End PBXFileReference section */

/* Begin PBXFrameworksBuildPhase section */
		F7D91AA020DC7496006FBE97 /* Frameworks */ = {
			isa = PBXFrameworksBuildPhase;
			buildActionMask = 2147483647;
			files = (
				B6547CF245131378430178A8 /* Pods_weather_track.framework in Frameworks */,
			);
			runOnlyForDeploymentPostprocessing = 0;
		};
/* End PBXFrameworksBuildPhase section */

/* Begin PBXGroup section */
		2625E85F54AC297C47F8B677 /* Frameworks */ = {
			isa = PBXGroup;
			children = (
				8F90FF04663A55DE1340C959 /* Pods_weather_track.framework */,
			);
			name = Frameworks;
			sourceTree = "<group>";
		};
		6D2F589CACA0D8EED2974142 /* Pods */ = {
			isa = PBXGroup;
			children = (
				C0DA2D0A52FDF48107B3E155 /* Pods-weather-track.debug.xcconfig */,
				820EB56AD034B9706A1641B2 /* Pods-weather-track.release.xcconfig */,
			);
			name = Pods;
			sourceTree = "<group>";
		};
		F7D91A9A20DC7496006FBE97 = {
			isa = PBXGroup;
			children = (
				F7D91AA520DC7496006FBE97 /* weather-track */,
				F7D91AA420DC7496006FBE97 /* Products */,
				6D2F589CACA0D8EED2974142 /* Pods */,
				2625E85F54AC297C47F8B677 /* Frameworks */,
			);
			sourceTree = "<group>";
		};
		F7D91AA420DC7496006FBE97 /* Products */ = {
			isa = PBXGroup;
			children = (
				F7D91AA320DC7496006FBE97 /* weather-track.app */,
			);
			name = Products;
			sourceTree = "<group>";
		};
		F7D91AA520DC7496006FBE97 /* weather-track */ = {
			isa = PBXGroup;
			children = (
				F7FBF95E20DC7F610019FA09 /* Components */,
				F7FBF95B20DC78E00019FA09 /* ViewControllers */,
				F7D91AA620DC7496006FBE97 /* AppDelegate.swift */,
				F7D91AAA20DC7496006FBE97 /* Main.storyboard */,
				F7D91AAD20DC7497006FBE97 /* Assets.xcassets */,
				F7D91AAF20DC7497006FBE97 /* LaunchScreen.storyboard */,
				F7D91AB220DC7497006FBE97 /* Info.plist */,
			);
			path = "weather-track";
			sourceTree = "<group>";
		};
		F7FBF95B20DC78E00019FA09 /* ViewControllers */ = {
			isa = PBXGroup;
			children = (
				F7FBF95C20DC79510019FA09 /* HomeViewController.swift */,
			);
			path = ViewControllers;
			sourceTree = "<group>";
		};
		F7FBF95E20DC7F610019FA09 /* Components */ = {
			isa = PBXGroup;
			children = (
			);
			path = Components;
			sourceTree = "<group>";
		};
/* End PBXGroup section */

/* Begin PBXNativeTarget section */
		F7D91AA220DC7496006FBE97 /* weather-track */ = {
			isa = PBXNativeTarget;
			buildConfigurationList = F7D91AB520DC7497006FBE97 /* Build configuration list for PBXNativeTarget "weather-track" */;
			buildPhases = (
				C8117688A6A4D90B95803137 /* [CP] Check Pods Manifest.lock */,
				F7D91A9F20DC7496006FBE97 /* Sources */,
				F7D91AA020DC7496006FBE97 /* Frameworks */,
				F7D91AA120DC7496006FBE97 /* Resources */,
				AA8A93EF541E45F7AB249227 /* [CP] Embed Pods Frameworks */,
			);
			buildRules = (
			);
			dependencies = (
			);
			name = "weather-track";
			productName = "weather-track";
			productReference = F7D91AA320DC7496006FBE97 /* weather-track.app */;
			productType = "com.apple.product-type.application";
		};
/* End PBXNativeTarget section */

/* Begin PBXProject section */
		F7D91A9B20DC7496006FBE97 /* Project object */ = {
			isa = PBXProject;
			attributes = {
				LastSwiftUpdateCheck = 0930;
				LastUpgradeCheck = 0930;
				ORGANIZATIONNAME = "David Bowen";
				TargetAttributes = {
					F7D91AA220DC7496006FBE97 = {
						CreatedOnToolsVersion = 9.3;
					};
				};
			};
			buildConfigurationList = F7D91A9E20DC7496006FBE97 /* Build configuration list for PBXProject "weather-track" */;
			compatibilityVersion = "Xcode 9.3";
			developmentRegion = en;
			hasScannedForEncodings = 0;
			knownRegions = (
				en,
				Base,
			);
			mainGroup = F7D91A9A20DC7496006FBE97;
			productRefGroup = F7D91AA420DC7496006FBE97 /* Products */;
			projectDirPath = "";
			projectRoot = "";
			targets = (
				F7D91AA220DC7496006FBE97 /* weather-track */,
			);
		};
/* End PBXProject section */

/* Begin PBXResourcesBuildPhase section */
		F7D91AA120DC7496006FBE97 /* Resources */ = {
			isa = PBXResourcesBuildPhase;
			buildActionMask = 2147483647;
			files = (
				F7D91AB120DC7497006FBE97 /* LaunchScreen.storyboard in Resources */,
				F7D91AAE20DC7497006FBE97 /* Assets.xcassets in Resources */,
				F7D91AAC20DC7496006FBE97 /* Main.storyboard in Resources */,
			);
			runOnlyForDeploymentPostprocessing = 0;
		};
/* End PBXResourcesBuildPhase section */

/* Begin PBXShellScriptBuildPhase section */
		AA8A93EF541E45F7AB249227 /* [CP] Embed Pods Frameworks */ = {
			isa = PBXShellScriptBuildPhase;
			buildActionMask = 2147483647;
			files = (
			);
			inputPaths = (
				"${SRCROOT}/Pods/Target Support Files/Pods-weather-track/Pods-weather-track-frameworks.sh",
				"${BUILT_PRODUCTS_DIR}/Alamofire/Alamofire.framework",
				"${BUILT_PRODUCTS_DIR}/AlamofireSwiftyJSON/AlamofireSwiftyJSON.framework",
				"${BUILT_PRODUCTS_DIR}/SwiftyJSON/SwiftyJSON.framework",
			);
			name = "[CP] Embed Pods Frameworks";
			outputPaths = (
				"${TARGET_BUILD_DIR}/${FRAMEWORKS_FOLDER_PATH}/Alamofire.framework",
				"${TARGET_BUILD_DIR}/${FRAMEWORKS_FOLDER_PATH}/AlamofireSwiftyJSON.framework",
				"${TARGET_BUILD_DIR}/${FRAMEWORKS_FOLDER_PATH}/SwiftyJSON.framework",
			);
			runOnlyForDeploymentPostprocessing = 0;
			shellPath = /bin/sh;
			shellScript = "\"${SRCROOT}/Pods/Target Support Files/Pods-weather-track/Pods-weather-track-frameworks.sh\"\n";
			showEnvVarsInLog = 0;
		};
		C8117688A6A4D90B95803137 /* [CP] Check Pods Manifest.lock */ = {
			isa = PBXShellScriptBuildPhase;
			buildActionMask = 2147483647;
			files = (
			);
			inputPaths = (
				"${PODS_PODFILE_DIR_PATH}/Podfile.lock",
				"${PODS_ROOT}/Manifest.lock",
			);
			name = "[CP] Check Pods Manifest.lock";
			outputPaths = (
				"$(DERIVED_FILE_DIR)/Pods-weather-track-checkManifestLockResult.txt",
			);
			runOnlyForDeploymentPostprocessing = 0;
			shellPath = /bin/sh;
			shellScript = "diff \"${PODS_PODFILE_DIR_PATH}/Podfile.lock\" \"${PODS_ROOT}/Manifest.lock\" > /dev/null\nif [ $? != 0 ] ; then\n    # print error to STDERR\n    echo \"error: The sandbox is not in sync with the Podfile.lock. Run 'pod install' or update your CocoaPods installation.\" >&2\n    exit 1\nfi\n# This output is used by Xcode 'outputs' to avoid re-running this script phase.\necho \"SUCCESS\" > \"${SCRIPT_OUTPUT_FILE_0}\"\n";
			showEnvVarsInLog = 0;
		};
/* End PBXShellScriptBuildPhase section */

/* Begin PBXSourcesBuildPhase section */
		F7D91A9F20DC7496006FBE97 /* Sources */ = {
			isa = PBXSourcesBuildPhase;
			buildActionMask = 2147483647;
			files = (
				F7D91AA720DC7496006FBE97 /* AppDelegate.swift in Sources */,
				F7FBF95D20DC79510019FA09 /* HomeViewController.swift in Sources */,
			);
			runOnlyForDeploymentPostprocessing = 0;
		};
/* End PBXSourcesBuildPhase section */

/* Begin PBXVariantGroup section */
		F7D91AAA20DC7496006FBE97 /* Main.storyboard */ = {
			isa = PBXVariantGroup;
			children = (
				F7D91AAB20DC7496006FBE97 /* Base */,
			);
			name = Main.storyboard;
			sourceTree = "<group>";
		};
		F7D91AAF20DC7497006FBE97 /* LaunchScreen.storyboard */ = {
			isa = PBXVariantGroup;
			children = (
				F7D91AB020DC7497006FBE97 /* Base */,
			);
			name = LaunchScreen.storyboard;
			sourceTree = "<group>";
		};
/* End PBXVariantGroup section */

/* Begin XCBuildConfiguration section */
		F7D91AB320DC7497006FBE97 /* Debug */ = {
			isa = XCBuildConfiguration;
			buildSettings = {
				ALWAYS_SEARCH_USER_PATHS = NO;
				CLANG_ANALYZER_NONNULL = YES;
				CLANG_ANALYZER_NUMBER_OBJECT_CONVERSION = YES_AGGRESSIVE;
				CLANG_CXX_LANGUAGE_STANDARD = "gnu++14";
				CLANG_CXX_LIBRARY = "libc++";
				CLANG_ENABLE_MODULES = YES;
				CLANG_ENABLE_OBJC_ARC = YES;
				CLANG_ENABLE_OBJC_WEAK = YES;
				CLANG_WARN_BLOCK_CAPTURE_AUTORELEASING = YES;
				CLANG_WARN_BOOL_CONVERSION = YES;
				CLANG_WARN_COMMA = YES;
				CLANG_WARN_CONSTANT_CONVERSION = YES;
				CLANG_WARN_DEPRECATED_OBJC_IMPLEMENTATIONS = YES;
				CLANG_WARN_DIRECT_OBJC_ISA_USAGE = YES_ERROR;
				CLANG_WARN_DOCUMENTATION_COMMENTS = YES;
				CLANG_WARN_EMPTY_BODY = YES;
				CLANG_WARN_ENUM_CONVERSION = YES;
				CLANG_WARN_INFINITE_RECURSION = YES;
				CLANG_WARN_INT_CONVERSION = YES;
				CLANG_WARN_NON_LITERAL_NULL_CONVERSION = YES;
				CLANG_WARN_OBJC_IMPLICIT_RETAIN_SELF = YES;
				CLANG_WARN_OBJC_LITERAL_CONVERSION = YES;
				CLANG_WARN_OBJC_ROOT_CLASS = YES_ERROR;
				CLANG_WARN_RANGE_LOOP_ANALYSIS = YES;
				CLANG_WARN_STRICT_PROTOTYPES = YES;
				CLANG_WARN_SUSPICIOUS_MOVE = YES;
				CLANG_WARN_UNGUARDED_AVAILABILITY = YES_AGGRESSIVE;
				CLANG_WARN_UNREACHABLE_CODE = YES;
				CLANG_WARN__DUPLICATE_METHOD_MATCH = YES;
				CODE_SIGN_IDENTITY = "iPhone Developer";
				COPY_PHASE_STRIP = NO;
				DEBUG_INFORMATION_FORMAT = dwarf;
				ENABLE_STRICT_OBJC_MSGSEND = YES;
				ENABLE_TESTABILITY = YES;
				GCC_C_LANGUAGE_STANDARD = gnu11;
				GCC_DYNAMIC_NO_PIC = NO;
				GCC_NO_COMMON_BLOCKS = YES;
				GCC_OPTIMIZATION_LEVEL = 0;
				GCC_PREPROCESSOR_DEFINITIONS = (
					"DEBUG=1",
					"$(inherited)",
				);
				GCC_WARN_64_TO_32_BIT_CONVERSION = YES;
				GCC_WARN_ABOUT_RETURN_TYPE = YES_ERROR;
				GCC_WARN_UNDECLARED_SELECTOR = YES;
				GCC_WARN_UNINITIALIZED_AUTOS = YES_AGGRESSIVE;
				GCC_WARN_UNUSED_FUNCTION = YES;
				GCC_WARN_UNUSED_VARIABLE = YES;
				IPHONEOS_DEPLOYMENT_TARGET = 11.3;
				MTL_ENABLE_DEBUG_INFO = YES;
				ONLY_ACTIVE_ARCH = YES;
				SDKROOT = iphoneos;
				SWIFT_ACTIVE_COMPILATION_CONDITIONS = DEBUG;
				SWIFT_OPTIMIZATION_LEVEL = "-Onone";
			};
			name = Debug;
		};
		F7D91AB420DC7497006FBE97 /* Release */ = {
			isa = XCBuildConfiguration;
			buildSettings = {
				ALWAYS_SEARCH_USER_PATHS = NO;
				CLANG_ANALYZER_NONNULL = YES;
				CLANG_ANALYZER_NUMBER_OBJECT_CONVERSION = YES_AGGRESSIVE;
				CLANG_CXX_LANGUAGE_STANDARD = "gnu++14";
				CLANG_CXX_LIBRARY = "libc++";
				CLANG_ENABLE_MODULES = YES;
				CLANG_ENABLE_OBJC_ARC = YES;
				CLANG_ENABLE_OBJC_WEAK = YES;
				CLANG_WARN_BLOCK_CAPTURE_AUTORELEASING = YES;
				CLANG_WARN_BOOL_CONVERSION = YES;
				CLANG_WARN_COMMA = YES;
				CLANG_WARN_CONSTANT_CONVERSION = YES;
				CLANG_WARN_DEPRECATED_OBJC_IMPLEMENTATIONS = YES;
				CLANG_WARN_DIRECT_OBJC_ISA_USAGE = YES_ERROR;
				CLANG_WARN_DOCUMENTATION_COMMENTS = YES;
				CLANG_WARN_EMPTY_BODY = YES;
				CLANG_WARN_ENUM_CONVERSION = YES;
				CLANG_WARN_INFINITE_RECURSION = YES;
				CLANG_WARN_INT_CONVERSION = YES;
				CLANG_WARN_NON_LITERAL_NULL_CONVERSION = YES;
				CLANG_WARN_OBJC_IMPLICIT_RETAIN_SELF = YES;
				CLANG_WARN_OBJC_LITERAL_CONVERSION = YES;
				CLANG_WARN_OBJC_ROOT_CLASS = YES_ERROR;
				CLANG_WARN_RANGE_LOOP_ANALYSIS = YES;
				CLANG_WARN_STRICT_PROTOTYPES = YES;
				CLANG_WARN_SUSPICIOUS_MOVE = YES;
				CLANG_WARN_UNGUARDED_AVAILABILITY = YES_AGGRESSIVE;
				CLANG_WARN_UNREACHABLE_CODE = YES;
				CLANG_WARN__DUPLICATE_METHOD_MATCH = YES;
				CODE_SIGN_IDENTITY = "iPhone Developer";
				COPY_PHASE_STRIP = NO;
				DEBUG_INFORMATION_FORMAT = "dwarf-with-dsym";
				ENABLE_NS_ASSERTIONS = NO;
				ENABLE_STRICT_OBJC_MSGSEND = YES;
				GCC_C_LANGUAGE_STANDARD = gnu11;
				GCC_NO_COMMON_BLOCKS = YES;
				GCC_WARN_64_TO_32_BIT_CONVERSION = YES;
				GCC_WARN_ABOUT_RETURN_TYPE = YES_ERROR;
				GCC_WARN_UNDECLARED_SELECTOR = YES;
				GCC_WARN_UNINITIALIZED_AUTOS = YES_AGGRESSIVE;
				GCC_WARN_UNUSED_FUNCTION = YES;
				GCC_WARN_UNUSED_VARIABLE = YES;
				IPHONEOS_DEPLOYMENT_TARGET = 11.3;
				MTL_ENABLE_DEBUG_INFO = NO;
				SDKROOT = iphoneos;
				SWIFT_COMPILATION_MODE = wholemodule;
				SWIFT_OPTIMIZATION_LEVEL = "-O";
				VALIDATE_PRODUCT = YES;
			};
			name = Release;
		};
		F7D91AB620DC7497006FBE97 /* Debug */ = {
			isa = XCBuildConfiguration;
			baseConfigurationReference = C0DA2D0A52FDF48107B3E155 /* Pods-weather-track.debug.xcconfig */;
			buildSettings = {
				ASSETCATALOG_COMPILER_APPICON_NAME = AppIcon;
				CODE_SIGN_STYLE = Automatic;
				DEVELOPMENT_TEAM = R6LBN2DWK6;
				INFOPLIST_FILE = "weather-track/Info.plist";
				LD_RUNPATH_SEARCH_PATHS = (
					"$(inherited)",
					"@executable_path/Frameworks",
				);
				PRODUCT_BUNDLE_IDENTIFIER = "com.weather-track";
				PRODUCT_NAME = "$(TARGET_NAME)";
				SWIFT_VERSION = 4.0;
				TARGETED_DEVICE_FAMILY = "1,2";
			};
			name = Debug;
		};
		F7D91AB720DC7497006FBE97 /* Release */ = {
			isa = XCBuildConfiguration;
			baseConfigurationReference = 820EB56AD034B9706A1641B2 /* Pods-weather-track.release.xcconfig */;
			buildSettings = {
				ASSETCATALOG_COMPILER_APPICON_NAME = AppIcon;
				CODE_SIGN_STYLE = Automatic;
				DEVELOPMENT_TEAM = R6LBN2DWK6;
				INFOPLIST_FILE = "weather-track/Info.plist";
				LD_RUNPATH_SEARCH_PATHS = (
					"$(inherited)",
					"@executable_path/Frameworks",
				);
				PRODUCT_BUNDLE_IDENTIFIER = "com.weather-track";
				PRODUCT_NAME = "$(TARGET_NAME)";
				SWIFT_VERSION = 4.0;
				TARGETED_DEVICE_FAMILY = "1,2";
			};
			name = Release;
		};
/* End XCBuildConfiguration section */

/* Begin XCConfigurationList section */
		F7D91A9E20DC7496006FBE97 /* Build configuration list for PBXProject "weather-track" */ = {
			isa = XCConfigurationList;
			buildConfigurations = (
				F7D91AB320DC7497006FBE97 /* Debug */,
				F7D91AB420DC7497006FBE97 /* Release */,
			);
			defaultConfigurationIsVisible = 0;
			defaultConfigurationName = Release;
		};
		F7D91AB520DC7497006FBE97 /* Build configuration list for PBXNativeTarget "weather-track" */ = {
			isa = XCConfigurationList;
			buildConfigurations = (
				F7D91AB620DC7497006FBE97 /* Debug */,
				F7D91AB720DC7497006FBE97 /* Release */,
			);
			defaultConfigurationIsVisible = 0;
			defaultConfigurationName = Release;
		};
/* End XCConfigurationList section */
	};
	rootObject = F7D91A9B20DC7496006FBE97 /* Project object */;
}
